// !$*UTF8*$!
{
	archiveVersion = 1;
	classes = {
	};
	objectVersion = 46;
	objects = {

/* Begin PBXBuildFile section */
		0AC186BE1E093F6500F2A74D /* LYSelectBar.framework in Frameworks */ = {isa = PBXBuildFile; fileRef = 0AC186BC1E093F6500F2A74D /* LYSelectBar.framework */; };
		0AC186BF1E093F6500F2A74D /* LYSelectBar.framework in Embed Frameworks */ = {isa = PBXBuildFile; fileRef = 0AC186BC1E093F6500F2A74D /* LYSelectBar.framework */; settings = {ATTRIBUTES = (CodeSignOnCopy, RemoveHeadersOnCopy, ); }; };
		0AC186C01E093F6500F2A74D /* Masonry.framework in Frameworks */ = {isa = PBXBuildFile; fileRef = 0AC186BD1E093F6500F2A74D /* Masonry.framework */; };
		0AC186C11E093F6500F2A74D /* Masonry.framework in Embed Frameworks */ = {isa = PBXBuildFile; fileRef = 0AC186BD1E093F6500F2A74D /* Masonry.framework */; settings = {ATTRIBUTES = (CodeSignOnCopy, RemoveHeadersOnCopy, ); }; };
		0AC186C51E09424000F2A74D /* LYShopDetailHeaderView.m in Sources */ = {isa = PBXBuildFile; fileRef = 0AC186C41E09424000F2A74D /* LYShopDetailHeaderView.m */; };
		0AC186C81E0A33A900F2A74D /* LYShopDetailScrollView.m in Sources */ = {isa = PBXBuildFile; fileRef = 0AC186C71E0A33A900F2A74D /* LYShopDetailScrollView.m */; };
		0AC186CC1E0A5A9700F2A74D /* LYShopDetailTabScrollView.m in Sources */ = {isa = PBXBuildFile; fileRef = 0AC186CB1E0A5A9700F2A74D /* LYShopDetailTabScrollView.m */; };
		0AC186CF1E0A5B3C00F2A74D /* LYShopDetailCollectionView.m in Sources */ = {isa = PBXBuildFile; fileRef = 0AC186CE1E0A5B3C00F2A74D /* LYShopDetailCollectionView.m */; };
		0AC186D21E0A5C3100F2A74D /* LYCommonCollectionView.m in Sources */ = {isa = PBXBuildFile; fileRef = 0AC186D11E0A5C3100F2A74D /* LYCommonCollectionView.m */; };
		0AC186D51E0A5DD000F2A74D /* LYCommonCollectionViewModel.m in Sources */ = {isa = PBXBuildFile; fileRef = 0AC186D41E0A5DD000F2A74D /* LYCommonCollectionViewModel.m */; };
		0AC186D81E0A60C500F2A74D /* LYShopProductCollectionViewCell.m in Sources */ = {isa = PBXBuildFile; fileRef = 0AC186D71E0A60C500F2A74D /* LYShopProductCollectionViewCell.m */; };
		0AC186DC1E0A61EB00F2A74D /* UIColor+GGColor.m in Sources */ = {isa = PBXBuildFile; fileRef = 0AC186DB1E0A61EB00F2A74D /* UIColor+GGColor.m */; };
		0AC186DF1E0A62B700F2A74D /* LYShopProductCollectionCellViewModel.m in Sources */ = {isa = PBXBuildFile; fileRef = 0AC186DE1E0A62B700F2A74D /* LYShopProductCollectionCellViewModel.m */; };
		0AC186E21E0A6A2000F2A74D /* LYShopDetailCollectionViewModel.m in Sources */ = {isa = PBXBuildFile; fileRef = 0AC186E11E0A6A2000F2A74D /* LYShopDetailCollectionViewModel.m */; };
		0AC186E51E0A6FF900F2A74D /* LYShopDetailViewModel.m in Sources */ = {isa = PBXBuildFile; fileRef = 0AC186E41E0A6FF900F2A74D /* LYShopDetailViewModel.m */; };
		0AC186E81E0A701D00F2A74D /* LYShopDetailUserCase.m in Sources */ = {isa = PBXBuildFile; fileRef = 0AC186E71E0A701D00F2A74D /* LYShopDetailUserCase.m */; };
		0AC186EE1E0A7A7D00F2A74D /* LYShopDetailTabScrollViewModel.m in Sources */ = {isa = PBXBuildFile; fileRef = 0AC186ED1E0A7A7D00F2A74D /* LYShopDetailTabScrollViewModel.m */; };
		0AC186F01E0A7FA300F2A74D /* ReactiveObjC.framework in Frameworks */ = {isa = PBXBuildFile; fileRef = 0AC186EF1E0A7FA300F2A74D /* ReactiveObjC.framework */; };
		0AC186F11E0A7FA300F2A74D /* ReactiveObjC.framework in Embed Frameworks */ = {isa = PBXBuildFile; fileRef = 0AC186EF1E0A7FA300F2A74D /* ReactiveObjC.framework */; settings = {ATTRIBUTES = (CodeSignOnCopy, RemoveHeadersOnCopy, ); }; };
		0AC1875F1E0BDFE200F2A74D /* LYShopDetailNavigationBar.m in Sources */ = {isa = PBXBuildFile; fileRef = 0AC1875E1E0BDFE200F2A74D /* LYShopDetailNavigationBar.m */; };
		0AEB6E2E1E07929B004D47DF /* main.m in Sources */ = {isa = PBXBuildFile; fileRef = 0AEB6E2D1E07929B004D47DF /* main.m */; };
		0AEB6E311E07929B004D47DF /* AppDelegate.m in Sources */ = {isa = PBXBuildFile; fileRef = 0AEB6E301E07929B004D47DF /* AppDelegate.m */; };
		0AEB6E341E07929B004D47DF /* LYShopDetailViewController.m in Sources */ = {isa = PBXBuildFile; fileRef = 0AEB6E331E07929B004D47DF /* LYShopDetailViewController.m */; };
		0AEB6E371E07929B004D47DF /* Main.storyboard in Resources */ = {isa = PBXBuildFile; fileRef = 0AEB6E351E07929B004D47DF /* Main.storyboard */; };
		0AEB6E391E07929B004D47DF /* Assets.xcassets in Resources */ = {isa = PBXBuildFile; fileRef = 0AEB6E381E07929B004D47DF /* Assets.xcassets */; };
		0AEB6E3C1E07929B004D47DF /* LaunchScreen.storyboard in Resources */ = {isa = PBXBuildFile; fileRef = 0AEB6E3A1E07929B004D47DF /* LaunchScreen.storyboard */; };
/* End PBXBuildFile section */

/* Begin PBXCopyFilesBuildPhase section */
		0AC186C21E093F6500F2A74D /* Embed Frameworks */ = {
			isa = PBXCopyFilesBuildPhase;
			buildActionMask = 2147483647;
			dstPath = "";
			dstSubfolderSpec = 10;
			files = (
				0AC186C11E093F6500F2A74D /* Masonry.framework in Embed Frameworks */,
				0AC186F11E0A7FA300F2A74D /* ReactiveObjC.framework in Embed Frameworks */,
				0AC186BF1E093F6500F2A74D /* LYSelectBar.framework in Embed Frameworks */,
			);
			name = "Embed Frameworks";
			runOnlyForDeploymentPostprocessing = 0;
		};
/* End PBXCopyFilesBuildPhase section */

/* Begin PBXFileReference section */
		0AC186BC1E093F6500F2A74D /* LYSelectBar.framework */ = {isa = PBXFileReference; lastKnownFileType = wrapper.framework; name = LYSelectBar.framework; path = ../Carthage/Build/iOS/LYSelectBar.framework; sourceTree = "<group>"; };
		0AC186BD1E093F6500F2A74D /* Masonry.framework */ = {isa = PBXFileReference; lastKnownFileType = wrapper.framework; name = Masonry.framework; path = ../Carthage/Build/iOS/Masonry.framework; sourceTree = "<group>"; };
		0AC186C31E09424000F2A74D /* LYShopDetailHeaderView.h */ = {isa = PBXFileReference; fileEncoding = 4; lastKnownFileType = sourcecode.c.h; path = LYShopDetailHeaderView.h; sourceTree = "<group>"; };
		0AC186C41E09424000F2A74D /* LYShopDetailHeaderView.m */ = {isa = PBXFileReference; fileEncoding = 4; lastKnownFileType = sourcecode.c.objc; path = LYShopDetailHeaderView.m; sourceTree = "<group>"; };
		0AC186C61E0A33A900F2A74D /* LYShopDetailScrollView.h */ = {isa = PBXFileReference; fileEncoding = 4; lastKnownFileType = sourcecode.c.h; path = LYShopDetailScrollView.h; sourceTree = "<group>"; };
		0AC186C71E0A33A900F2A74D /* LYShopDetailScrollView.m */ = {isa = PBXFileReference; fileEncoding = 4; lastKnownFileType = sourcecode.c.objc; path = LYShopDetailScrollView.m; sourceTree = "<group>"; };
		0AC186C91E0A59D800F2A74D /* LYShopDetail.pch */ = {isa = PBXFileReference; lastKnownFileType = sourcecode.c.h; path = LYShopDetail.pch; sourceTree = "<group>"; };
		0AC186CA1E0A5A9700F2A74D /* LYShopDetailTabScrollView.h */ = {isa = PBXFileReference; fileEncoding = 4; lastKnownFileType = sourcecode.c.h; path = LYShopDetailTabScrollView.h; sourceTree = "<group>"; };
		0AC186CB1E0A5A9700F2A74D /* LYShopDetailTabScrollView.m */ = {isa = PBXFileReference; fileEncoding = 4; lastKnownFileType = sourcecode.c.objc; path = LYShopDetailTabScrollView.m; sourceTree = "<group>"; };
		0AC186CD1E0A5B3C00F2A74D /* LYShopDetailCollectionView.h */ = {isa = PBXFileReference; fileEncoding = 4; lastKnownFileType = sourcecode.c.h; path = LYShopDetailCollectionView.h; sourceTree = "<group>"; };
		0AC186CE1E0A5B3C00F2A74D /* LYShopDetailCollectionView.m */ = {isa = PBXFileReference; fileEncoding = 4; lastKnownFileType = sourcecode.c.objc; path = LYShopDetailCollectionView.m; sourceTree = "<group>"; };
		0AC186D01E0A5C3100F2A74D /* LYCommonCollectionView.h */ = {isa = PBXFileReference; fileEncoding = 4; lastKnownFileType = sourcecode.c.h; path = LYCommonCollectionView.h; sourceTree = "<group>"; };
		0AC186D11E0A5C3100F2A74D /* LYCommonCollectionView.m */ = {isa = PBXFileReference; fileEncoding = 4; lastKnownFileType = sourcecode.c.objc; path = LYCommonCollectionView.m; sourceTree = "<group>"; };
		0AC186D31E0A5DD000F2A74D /* LYCommonCollectionViewModel.h */ = {isa = PBXFileReference; fileEncoding = 4; lastKnownFileType = sourcecode.c.h; path = LYCommonCollectionViewModel.h; sourceTree = "<group>"; };
		0AC186D41E0A5DD000F2A74D /* LYCommonCollectionViewModel.m */ = {isa = PBXFileReference; fileEncoding = 4; lastKnownFileType = sourcecode.c.objc; path = LYCommonCollectionViewModel.m; sourceTree = "<group>"; };
		0AC186D61E0A60C500F2A74D /* LYShopProductCollectionViewCell.h */ = {isa = PBXFileReference; fileEncoding = 4; lastKnownFileType = sourcecode.c.h; path = LYShopProductCollectionViewCell.h; sourceTree = "<group>"; };
		0AC186D71E0A60C500F2A74D /* LYShopProductCollectionViewCell.m */ = {isa = PBXFileReference; fileEncoding = 4; lastKnownFileType = sourcecode.c.objc; path = LYShopProductCollectionViewCell.m; sourceTree = "<group>"; };
		0AC186DA1E0A61EB00F2A74D /* UIColor+GGColor.h */ = {isa = PBXFileReference; fileEncoding = 4; lastKnownFileType = sourcecode.c.h; path = "UIColor+GGColor.h"; sourceTree = "<group>"; };
		0AC186DB1E0A61EB00F2A74D /* UIColor+GGColor.m */ = {isa = PBXFileReference; fileEncoding = 4; lastKnownFileType = sourcecode.c.objc; path = "UIColor+GGColor.m"; sourceTree = "<group>"; };
		0AC186DD1E0A62B700F2A74D /* LYShopProductCollectionCellViewModel.h */ = {isa = PBXFileReference; fileEncoding = 4; lastKnownFileType = sourcecode.c.h; path = LYShopProductCollectionCellViewModel.h; sourceTree = "<group>"; };
		0AC186DE1E0A62B700F2A74D /* LYShopProductCollectionCellViewModel.m */ = {isa = PBXFileReference; fileEncoding = 4; lastKnownFileType = sourcecode.c.objc; path = LYShopProductCollectionCellViewModel.m; sourceTree = "<group>"; };
		0AC186E01E0A6A2000F2A74D /* LYShopDetailCollectionViewModel.h */ = {isa = PBXFileReference; fileEncoding = 4; lastKnownFileType = sourcecode.c.h; path = LYShopDetailCollectionViewModel.h; sourceTree = "<group>"; };
		0AC186E11E0A6A2000F2A74D /* LYShopDetailCollectionViewModel.m */ = {isa = PBXFileReference; fileEncoding = 4; lastKnownFileType = sourcecode.c.objc; path = LYShopDetailCollectionViewModel.m; sourceTree = "<group>"; };
		0AC186E31E0A6FF900F2A74D /* LYShopDetailViewModel.h */ = {isa = PBXFileReference; fileEncoding = 4; lastKnownFileType = sourcecode.c.h; path = LYShopDetailViewModel.h; sourceTree = "<group>"; };
		0AC186E41E0A6FF900F2A74D /* LYShopDetailViewModel.m */ = {isa = PBXFileReference; fileEncoding = 4; lastKnownFileType = sourcecode.c.objc; path = LYShopDetailViewModel.m; sourceTree = "<group>"; };
		0AC186E61E0A701D00F2A74D /* LYShopDetailUserCase.h */ = {isa = PBXFileReference; fileEncoding = 4; lastKnownFileType = sourcecode.c.h; path = LYShopDetailUserCase.h; sourceTree = "<group>"; };
		0AC186E71E0A701D00F2A74D /* LYShopDetailUserCase.m */ = {isa = PBXFileReference; fileEncoding = 4; lastKnownFileType = sourcecode.c.objc; path = LYShopDetailUserCase.m; sourceTree = "<group>"; };
		0AC186EC1E0A7A7D00F2A74D /* LYShopDetailTabScrollViewModel.h */ = {isa = PBXFileReference; fileEncoding = 4; lastKnownFileType = sourcecode.c.h; path = LYShopDetailTabScrollViewModel.h; sourceTree = "<group>"; };
		0AC186ED1E0A7A7D00F2A74D /* LYShopDetailTabScrollViewModel.m */ = {isa = PBXFileReference; fileEncoding = 4; lastKnownFileType = sourcecode.c.objc; path = LYShopDetailTabScrollViewModel.m; sourceTree = "<group>"; };
		0AC186EF1E0A7FA300F2A74D /* ReactiveObjC.framework */ = {isa = PBXFileReference; lastKnownFileType = wrapper.framework; name = ReactiveObjC.framework; path = ../Carthage/Build/iOS/ReactiveObjC.framework; sourceTree = "<group>"; };
		0AC1875D1E0BDFE200F2A74D /* LYShopDetailNavigationBar.h */ = {isa = PBXFileReference; fileEncoding = 4; lastKnownFileType = sourcecode.c.h; path = LYShopDetailNavigationBar.h; sourceTree = "<group>"; };
		0AC1875E1E0BDFE200F2A74D /* LYShopDetailNavigationBar.m */ = {isa = PBXFileReference; fileEncoding = 4; lastKnownFileType = sourcecode.c.objc; path = LYShopDetailNavigationBar.m; sourceTree = "<group>"; };
		0AEB6E291E07929B004D47DF /* LYShopDetail.app */ = {isa = PBXFileReference; explicitFileType = wrapper.application; includeInIndex = 0; path = LYShopDetail.app; sourceTree = BUILT_PRODUCTS_DIR; };
		0AEB6E2D1E07929B004D47DF /* main.m */ = {isa = PBXFileReference; lastKnownFileType = sourcecode.c.objc; path = main.m; sourceTree = "<group>"; };
		0AEB6E2F1E07929B004D47DF /* AppDelegate.h */ = {isa = PBXFileReference; lastKnownFileType = sourcecode.c.h; path = AppDelegate.h; sourceTree = "<group>"; };
		0AEB6E301E07929B004D47DF /* AppDelegate.m */ = {isa = PBXFileReference; lastKnownFileType = sourcecode.c.objc; path = AppDelegate.m; sourceTree = "<group>"; };
		0AEB6E321E07929B004D47DF /* LYShopDetailViewController.h */ = {isa = PBXFileReference; lastKnownFileType = sourcecode.c.h; path = LYShopDetailViewController.h; sourceTree = "<group>"; };
		0AEB6E331E07929B004D47DF /* LYShopDetailViewController.m */ = {isa = PBXFileReference; lastKnownFileType = sourcecode.c.objc; path = LYShopDetailViewController.m; sourceTree = "<group>"; };
		0AEB6E361E07929B004D47DF /* Base */ = {isa = PBXFileReference; lastKnownFileType = file.storyboard; name = Base; path = Base.lproj/Main.storyboard; sourceTree = "<group>"; };
		0AEB6E381E07929B004D47DF /* Assets.xcassets */ = {isa = PBXFileReference; lastKnownFileType = folder.assetcatalog; path = Assets.xcassets; sourceTree = "<group>"; };
		0AEB6E3B1E07929B004D47DF /* Base */ = {isa = PBXFileReference; lastKnownFileType = file.storyboard; name = Base; path = Base.lproj/LaunchScreen.storyboard; sourceTree = "<group>"; };
		0AEB6E3D1E07929B004D47DF /* Info.plist */ = {isa = PBXFileReference; lastKnownFileType = text.plist.xml; path = Info.plist; sourceTree = "<group>"; };
/* End PBXFileReference section */

/* Begin PBXFrameworksBuildPhase section */
		0AEB6E261E07929B004D47DF /* Frameworks */ = {
			isa = PBXFrameworksBuildPhase;
			buildActionMask = 2147483647;
			files = (
				0AC186C01E093F6500F2A74D /* Masonry.framework in Frameworks */,
				0AC186F01E0A7FA300F2A74D /* ReactiveObjC.framework in Frameworks */,
				0AC186BE1E093F6500F2A74D /* LYSelectBar.framework in Frameworks */,
			);
			runOnlyForDeploymentPostprocessing = 0;
		};
/* End PBXFrameworksBuildPhase section */

/* Begin PBXGroup section */
		0AC186D91E0A61EB00F2A74D /* Util */ = {
			isa = PBXGroup;
			children = (
				0AC186DA1E0A61EB00F2A74D /* UIColor+GGColor.h */,
				0AC186DB1E0A61EB00F2A74D /* UIColor+GGColor.m */,
			);
			path = Util;
			sourceTree = "<group>";
		};
		0AC1875B1E0BDF7100F2A74D /* ScrollView */ = {
			isa = PBXGroup;
			children = (
				0AC186C61E0A33A900F2A74D /* LYShopDetailScrollView.h */,
				0AC186C71E0A33A900F2A74D /* LYShopDetailScrollView.m */,
				0AC186CA1E0A5A9700F2A74D /* LYShopDetailTabScrollView.h */,
				0AC186CB1E0A5A9700F2A74D /* LYShopDetailTabScrollView.m */,
				0AC186EC1E0A7A7D00F2A74D /* LYShopDetailTabScrollViewModel.h */,
				0AC186ED1E0A7A7D00F2A74D /* LYShopDetailTabScrollViewModel.m */,
			);
			name = ScrollView;
			sourceTree = "<group>";
		};
		0AC1875C1E0BDF8100F2A74D /* CollectionView */ = {
			isa = PBXGroup;
			children = (
				0AC186CD1E0A5B3C00F2A74D /* LYShopDetailCollectionView.h */,
				0AC186CE1E0A5B3C00F2A74D /* LYShopDetailCollectionView.m */,
				0AC186D01E0A5C3100F2A74D /* LYCommonCollectionView.h */,
				0AC186D11E0A5C3100F2A74D /* LYCommonCollectionView.m */,
				0AC186D31E0A5DD000F2A74D /* LYCommonCollectionViewModel.h */,
				0AC186D41E0A5DD000F2A74D /* LYCommonCollectionViewModel.m */,
				0AC186D61E0A60C500F2A74D /* LYShopProductCollectionViewCell.h */,
				0AC186D71E0A60C500F2A74D /* LYShopProductCollectionViewCell.m */,
				0AC186DD1E0A62B700F2A74D /* LYShopProductCollectionCellViewModel.h */,
				0AC186DE1E0A62B700F2A74D /* LYShopProductCollectionCellViewModel.m */,
				0AC186E01E0A6A2000F2A74D /* LYShopDetailCollectionViewModel.h */,
				0AC186E11E0A6A2000F2A74D /* LYShopDetailCollectionViewModel.m */,
			);
			name = CollectionView;
			sourceTree = "<group>";
		};
		0AEB6E201E07929B004D47DF = {
			isa = PBXGroup;
			children = (
				0AC186EF1E0A7FA300F2A74D /* ReactiveObjC.framework */,
				0AC186BC1E093F6500F2A74D /* LYSelectBar.framework */,
				0AC186BD1E093F6500F2A74D /* Masonry.framework */,
				0AEB6E2B1E07929B004D47DF /* LYShopDetail */,
				0AEB6E2A1E07929B004D47DF /* Products */,
			);
			sourceTree = "<group>";
		};
		0AEB6E2A1E07929B004D47DF /* Products */ = {
			isa = PBXGroup;
			children = (
				0AEB6E291E07929B004D47DF /* LYShopDetail.app */,
			);
			name = Products;
			sourceTree = "<group>";
		};
		0AEB6E2B1E07929B004D47DF /* LYShopDetail */ = {
			isa = PBXGroup;
			children = (
				0AC1875C1E0BDF8100F2A74D /* CollectionView */,
				0AC1875B1E0BDF7100F2A74D /* ScrollView */,
				0AC186D91E0A61EB00F2A74D /* Util */,
				0AEB6E2F1E07929B004D47DF /* AppDelegate.h */,
				0AEB6E301E07929B004D47DF /* AppDelegate.m */,
				0AEB6E351E07929B004D47DF /* Main.storyboard */,
				0AEB6E381E07929B004D47DF /* Assets.xcassets */,
				0AEB6E3A1E07929B004D47DF /* LaunchScreen.storyboard */,
				0AEB6E3D1E07929B004D47DF /* Info.plist */,
				0AC186C91E0A59D800F2A74D /* LYShopDetail.pch */,
				0AEB6E2C1E07929B004D47DF /* Supporting Files */,
				0AEB6E321E07929B004D47DF /* LYShopDetailViewController.h */,
				0AEB6E331E07929B004D47DF /* LYShopDetailViewController.m */,
				0AC186E31E0A6FF900F2A74D /* LYShopDetailViewModel.h */,
				0AC186E41E0A6FF900F2A74D /* LYShopDetailViewModel.m */,
				0AC186E61E0A701D00F2A74D /* LYShopDetailUserCase.h */,
				0AC186E71E0A701D00F2A74D /* LYShopDetailUserCase.m */,
				0AC186C31E09424000F2A74D /* LYShopDetailHeaderView.h */,
				0AC186C41E09424000F2A74D /* LYShopDetailHeaderView.m */,
				0AC1875D1E0BDFE200F2A74D /* LYShopDetailNavigationBar.h */,
				0AC1875E1E0BDFE200F2A74D /* LYShopDetailNavigationBar.m */,
			);
			path = LYShopDetail;
			sourceTree = "<group>";
		};
		0AEB6E2C1E07929B004D47DF /* Supporting Files */ = {
			isa = PBXGroup;
			children = (
				0AEB6E2D1E07929B004D47DF /* main.m */,
			);
			name = "Supporting Files";
			sourceTree = "<group>";
		};
/* End PBXGroup section */

/* Begin PBXNativeTarget section */
		0AEB6E281E07929B004D47DF /* LYShopDetail */ = {
			isa = PBXNativeTarget;
			buildConfigurationList = 0AEB6E401E07929B004D47DF /* Build configuration list for PBXNativeTarget "LYShopDetail" */;
			buildPhases = (
				0AEB6E251E07929B004D47DF /* Sources */,
				0AEB6E261E07929B004D47DF /* Frameworks */,
				0AEB6E271E07929B004D47DF /* Resources */,
				0AC186C21E093F6500F2A74D /* Embed Frameworks */,
			);
			buildRules = (
			);
			dependencies = (
			);
			name = LYShopDetail;
			productName = LYShopDetail;
			productReference = 0AEB6E291E07929B004D47DF /* LYShopDetail.app */;
			productType = "com.apple.product-type.application";
		};
/* End PBXNativeTarget section */

/* Begin PBXProject section */
		0AEB6E211E07929B004D47DF /* Project object */ = {
			isa = PBXProject;
			attributes = {
				LastUpgradeCheck = 0820;
				ORGANIZATIONNAME = franklin;
				TargetAttributes = {
					0AEB6E281E07929B004D47DF = {
						CreatedOnToolsVersion = 8.2;
						ProvisioningStyle = Automatic;
					};
				};
			};
			buildConfigurationList = 0AEB6E241E07929B004D47DF /* Build configuration list for PBXProject "LYShopDetail" */;
			compatibilityVersion = "Xcode 3.2";
			developmentRegion = English;
			hasScannedForEncodings = 0;
			knownRegions = (
				en,
				Base,
			);
			mainGroup = 0AEB6E201E07929B004D47DF;
			productRefGroup = 0AEB6E2A1E07929B004D47DF /* Products */;
			projectDirPath = "";
			projectRoot = "";
			targets = (
				0AEB6E281E07929B004D47DF /* LYShopDetail */,
			);
		};
/* End PBXProject section */

/* Begin PBXResourcesBuildPhase section */
		0AEB6E271E07929B004D47DF /* Resources */ = {
			isa = PBXResourcesBuildPhase;
			buildActionMask = 2147483647;
			files = (
				0AEB6E3C1E07929B004D47DF /* LaunchScreen.storyboard in Resources */,
				0AEB6E391E07929B004D47DF /* Assets.xcassets in Resources */,
				0AEB6E371E07929B004D47DF /* Main.storyboard in Resources */,
			);
			runOnlyForDeploymentPostprocessing = 0;
		};
/* End PBXResourcesBuildPhase section */

/* Begin PBXSourcesBuildPhase section */
		0AEB6E251E07929B004D47DF /* Sources */ = {
			isa = PBXSourcesBuildPhase;
			buildActionMask = 2147483647;
			files = (
				0AC186D21E0A5C3100F2A74D /* LYCommonCollectionView.m in Sources */,
				0AEB6E341E07929B004D47DF /* LYShopDetailViewController.m in Sources */,
				0AC186E51E0A6FF900F2A74D /* LYShopDetailViewModel.m in Sources */,
				0AC186C51E09424000F2A74D /* LYShopDetailHeaderView.m in Sources */,
				0AC186C81E0A33A900F2A74D /* LYShopDetailScrollView.m in Sources */,
				0AC186CF1E0A5B3C00F2A74D /* LYShopDetailCollectionView.m in Sources */,
				0AC1875F1E0BDFE200F2A74D /* LYShopDetailNavigationBar.m in Sources */,
				0AC186E81E0A701D00F2A74D /* LYShopDetailUserCase.m in Sources */,
				0AC186CC1E0A5A9700F2A74D /* LYShopDetailTabScrollView.m in Sources */,
				0AEB6E311E07929B004D47DF /* AppDelegate.m in Sources */,
				0AC186D81E0A60C500F2A74D /* LYShopProductCollectionViewCell.m in Sources */,
				0AC186E21E0A6A2000F2A74D /* LYShopDetailCollectionViewModel.m in Sources */,
				0AC186D51E0A5DD000F2A74D /* LYCommonCollectionViewModel.m in Sources */,
				0AC186DF1E0A62B700F2A74D /* LYShopProductCollectionCellViewModel.m in Sources */,
				0AEB6E2E1E07929B004D47DF /* main.m in Sources */,
				0AC186EE1E0A7A7D00F2A74D /* LYShopDetailTabScrollViewModel.m in Sources */,
				0AC186DC1E0A61EB00F2A74D /* UIColor+GGColor.m in Sources */,
			);
			runOnlyForDeploymentPostprocessing = 0;
		};
/* End PBXSourcesBuildPhase section */

/* Begin PBXVariantGroup section */
		0AEB6E351E07929B004D47DF /* Main.storyboard */ = {
			isa = PBXVariantGroup;
			children = (
				0AEB6E361E07929B004D47DF /* Base */,
			);
			name = Main.storyboard;
			sourceTree = "<group>";
		};
		0AEB6E3A1E07929B004D47DF /* LaunchScreen.storyboard */ = {
			isa = PBXVariantGroup;
			children = (
				0AEB6E3B1E07929B004D47DF /* Base */,
			);
			name = LaunchScreen.storyboard;
			sourceTree = "<group>";
		};
/* End PBXVariantGroup section */

/* Begin XCBuildConfiguration section */
		0AEB6E3E1E07929B004D47DF /* Debug */ = {
			isa = XCBuildConfiguration;
			buildSettings = {
				ALWAYS_SEARCH_USER_PATHS = NO;
				CLANG_ANALYZER_NONNULL = YES;
				CLANG_CXX_LANGUAGE_STANDARD = "gnu++0x";
				CLANG_CXX_LIBRARY = "libc++";
				CLANG_ENABLE_MODULES = YES;
				CLANG_ENABLE_OBJC_ARC = YES;
				CLANG_WARN_BOOL_CONVERSION = YES;
				CLANG_WARN_CONSTANT_CONVERSION = YES;
				CLANG_WARN_DIRECT_OBJC_ISA_USAGE = YES_ERROR;
				CLANG_WARN_DOCUMENTATION_COMMENTS = YES;
				CLANG_WARN_EMPTY_BODY = YES;
				CLANG_WARN_ENUM_CONVERSION = YES;
				CLANG_WARN_INFINITE_RECURSION = YES;
				CLANG_WARN_INT_CONVERSION = YES;
				CLANG_WARN_OBJC_ROOT_CLASS = YES_ERROR;
				CLANG_WARN_SUSPICIOUS_MOVE = YES;
				CLANG_WARN_UNREACHABLE_CODE = YES;
				CLANG_WARN__DUPLICATE_METHOD_MATCH = YES;
				"CODE_SIGN_IDENTITY[sdk=iphoneos*]" = "iPhone Developer";
				COPY_PHASE_STRIP = NO;
				DEBUG_INFORMATION_FORMAT = dwarf;
				ENABLE_STRICT_OBJC_MSGSEND = YES;
				ENABLE_TESTABILITY = YES;
				GCC_C_LANGUAGE_STANDARD = gnu99;
				GCC_DYNAMIC_NO_PIC = NO;
				GCC_NO_COMMON_BLOCKS = YES;
				GCC_OPTIMIZATION_LEVEL = 0;
				GCC_PREPROCESSOR_DEFINITIONS = (
					"DEBUG=1",
					"$(inherited)",
				);
				GCC_WARN_64_TO_32_BIT_CONVERSION = YES;
				GCC_WARN_ABOUT_RETURN_TYPE = YES_ERROR;
				GCC_WARN_UNDECLARED_SELECTOR = YES;
				GCC_WARN_UNINITIALIZED_AUTOS = YES_AGGRESSIVE;
				GCC_WARN_UNUSED_FUNCTION = YES;
				GCC_WARN_UNUSED_VARIABLE = YES;
				IPHONEOS_DEPLOYMENT_TARGET = 10.2;
				MTL_ENABLE_DEBUG_INFO = YES;
				ONLY_ACTIVE_ARCH = YES;
				SDKROOT = iphoneos;
				TARGETED_DEVICE_FAMILY = "1,2";
			};
			name = Debug;
		};
		0AEB6E3F1E07929B004D47DF /* Release */ = {
			isa = XCBuildConfiguration;
			buildSettings = {
				ALWAYS_SEARCH_USER_PATHS = NO;
				CLANG_ANALYZER_NONNULL = YES;
				CLANG_CXX_LANGUAGE_STANDARD = "gnu++0x";
				CLANG_CXX_LIBRARY = "libc++";
				CLANG_ENABLE_MODULES = YES;
				CLANG_ENABLE_OBJC_ARC = YES;
				CLANG_WARN_BOOL_CONVERSION = YES;
				CLANG_WARN_CONSTANT_CONVERSION = YES;
				CLANG_WARN_DIRECT_OBJC_ISA_USAGE = YES_ERROR;
				CLANG_WARN_DOCUMENTATION_COMMENTS = YES;
				CLANG_WARN_EMPTY_BODY = YES;
				CLANG_WARN_ENUM_CONVERSION = YES;
				CLANG_WARN_INFINITE_RECURSION = YES;
				CLANG_WARN_INT_CONVERSION = YES;
				CLANG_WARN_OBJC_ROOT_CLASS = YES_ERROR;
				CLANG_WARN_SUSPICIOUS_MOVE = YES;
				CLANG_WARN_UNREACHABLE_CODE = YES;
				CLANG_WARN__DUPLICATE_METHOD_MATCH = YES;
				"CODE_SIGN_IDENTITY[sdk=iphoneos*]" = "iPhone Developer";
				COPY_PHASE_STRIP = NO;
				DEBUG_INFORMATION_FORMAT = "dwarf-with-dsym";
				ENABLE_NS_ASSERTIONS = NO;
				ENABLE_STRICT_OBJC_MSGSEND = YES;
				GCC_C_LANGUAGE_STANDARD = gnu99;
				GCC_NO_COMMON_BLOCKS = YES;
				GCC_WARN_64_TO_32_BIT_CONVERSION = YES;
				GCC_WARN_ABOUT_RETURN_TYPE = YES_ERROR;
				GCC_WARN_UNDECLARED_SELECTOR = YES;
				GCC_WARN_UNINITIALIZED_AUTOS = YES_AGGRESSIVE;
				GCC_WARN_UNUSED_FUNCTION = YES;
				GCC_WARN_UNUSED_VARIABLE = YES;
				IPHONEOS_DEPLOYMENT_TARGET = 10.2;
				MTL_ENABLE_DEBUG_INFO = NO;
				SDKROOT = iphoneos;
				TARGETED_DEVICE_FAMILY = "1,2";
				VALIDATE_PRODUCT = YES;
			};
			name = Release;
		};
		0AEB6E411E07929B004D47DF /* Debug */ = {
			isa = XCBuildConfiguration;
			buildSettings = {
				ASSETCATALOG_COMPILER_APPICON_NAME = AppIcon;
				FRAMEWORK_SEARCH_PATHS = "$(SRCROOT)/../Carthage/Build/iOS";
				GCC_PRECOMPILE_PREFIX_HEADER = YES;
				GCC_PREFIX_HEADER = LYShopDetail/LYShopDetail.pch;
				INFOPLIST_FILE = LYShopDetail/Info.plist;
				LD_RUNPATH_SEARCH_PATHS = "$(inherited) @executable_path/Frameworks";
				PRODUCT_BUNDLE_IDENTIFIER = lly.franklin.LYShopDetail;
				PRODUCT_NAME = "$(TARGET_NAME)";
			};
			name = Debug;
		};
		0AEB6E421E07929B004D47DF /* Release */ = {
			isa = XCBuildConfiguration;
			buildSettings = {
				ASSETCATALOG_COMPILER_APPICON_NAME = AppIcon;
				FRAMEWORK_SEARCH_PATHS = "$(SRCROOT)/../Carthage/Build/iOS";
				GCC_PRECOMPILE_PREFIX_HEADER = YES;
				GCC_PREFIX_HEADER = LYShopDetail/LYShopDetail.pch;
				INFOPLIST_FILE = LYShopDetail/Info.plist;
				LD_RUNPATH_SEARCH_PATHS = "$(inherited) @executable_path/Frameworks";
				PRODUCT_BUNDLE_IDENTIFIER = lly.franklin.LYShopDetail;
				PRODUCT_NAME = "$(TARGET_NAME)";
			};
			name = Release;
		};
/* End XCBuildConfiguration section */

/* Begin XCConfigurationList section */
		0AEB6E241E07929B004D47DF /* Build configuration list for PBXProject "LYShopDetail" */ = {
			isa = XCConfigurationList;
			buildConfigurations = (
				0AEB6E3E1E07929B004D47DF /* Debug */,
				0AEB6E3F1E07929B004D47DF /* Release */,
			);
			defaultConfigurationIsVisible = 0;
			defaultConfigurationName = Release;
		};
		0AEB6E401E07929B004D47DF /* Build configuration list for PBXNativeTarget "LYShopDetail" */ = {
			isa = XCConfigurationList;
			buildConfigurations = (
				0AEB6E411E07929B004D47DF /* Debug */,
				0AEB6E421E07929B004D47DF /* Release */,
			);
			defaultConfigurationIsVisible = 0;
			defaultConfigurationName = Release;
		};
/* End XCConfigurationList section */
	};
	rootObject = 0AEB6E211E07929B004D47DF /* Project object */;
}
